
Microsoft Visual Studio Solution File, Format Version 12.00
# Visual Studio Version 17
VisualStudioVersion = 17.7.34003.232
MinimumVisualStudioVersion = 10.0.40219.1
Project("{FAE04EC0-301F-11D3-BF4B-00C04F79EFBC}") = "01.CommandPattern", "01.CommandPattern\01.CommandPattern.csproj", "{6247DF7C-4E0C-4EFD-8D21-5200EDC1821A}"
EndProject
Project("{FAE04EC0-301F-11D3-BF4B-00C04F79EFBC}") = "02.ValidationAttributes", "02.ValidationAttributes\02.ValidationAttributes.csproj", "{A08E7C7A-140A-4C46-89C0-3A8D9B3E6A6F}"
EndProject
Global
	GlobalSection(SolutionConfigurationPlatforms) = preSolution
		Debug|Any CPU = Debug|Any CPU
		Release|Any CPU = Release|Any CPU
	EndGlobalSection
	GlobalSection(ProjectConfigurationPlatforms) = postSolution
		{6247DF7C-4E0C-4EFD-8D21-5200EDC1821A}.Debug|Any CPU.ActiveCfg = Debug|Any CPU
		{6247DF7C-4E0C-4EFD-8D21-5200EDC1821A}.Debug|Any CPU.Build.0 = Debug|Any CPU
		{6247DF7C-4E0C-4EFD-8D21-5200EDC1821A}.Release|Any CPU.ActiveCfg = Release|Any CPU
		{6247DF7C-4E0C-4EFD-8D21-5200EDC1821A}.Release|Any CPU.Build.0 = Release|Any CPU
		{A08E7C7A-140A-4C46-89C0-3A8D9B3E6A6F}.Debug|Any CPU.ActiveCfg = Debug|Any CPU
		{A08E7C7A-140A-4C46-89C0-3A8D9B3E6A6F}.Debug|Any CPU.Build.0 = Debug|Any CPU
		{A08E7C7A-140A-4C46-89C0-3A8D9B3E6A6F}.Release|Any CPU.ActiveCfg = Release|Any CPU
		{A08E7C7A-140A-4C46-89C0-3A8D9B3E6A6F}.Release|Any CPU.Build.0 = Release|Any CPU
	EndGlobalSection
	GlobalSection(SolutionProperties) = preSolution
		HideSolutionNode = FALSE
	EndGlobalSection
	GlobalSection(ExtensibilityGlobals) = postSolution
		SolutionGuid = {833B7EB7-BE89-41EC-9D25-B4688A8ED4E7}
	EndGlobalSection
EndGlobal
