
Microsoft Visual Studio Solution File, Format Version 12.00
# Visual Studio Version 17
VisualStudioVersion = 17.7.34003.232
MinimumVisualStudioVersion = 10.0.40219.1
Project("{9A19103F-16F7-4668-BE54-9A1E7A4F7556}") = "01.OffroadChallenge", "01.OffroadChallenge\01.OffroadChallenge.csproj", "{97FD1340-CECC-46E1-BD35-6A72850F858D}"
EndProject
Project("{9A19103F-16F7-4668-BE54-9A1E7A4F7556}") = "02FishingCompetition", "02.FishingCompetition\02FishingCompetition.csproj", "{FF7916F1-FF86-4D6C-B29E-881D1E40437F}"
EndProject
Project("{9A19103F-16F7-4668-BE54-9A1E7A4F7556}") = "MailClient", "03.MailClient\MailClient.csproj", "{C9AD16E2-20A3-4805-ADDF-0EDF299AD827}"
EndProject
Global
	GlobalSection(SolutionConfigurationPlatforms) = preSolution
		Debug|Any CPU = Debug|Any CPU
		Release|Any CPU = Release|Any CPU
	EndGlobalSection
	GlobalSection(ProjectConfigurationPlatforms) = postSolution
		{97FD1340-CECC-46E1-BD35-6A72850F858D}.Debug|Any CPU.ActiveCfg = Debug|Any CPU
		{97FD1340-CECC-46E1-BD35-6A72850F858D}.Debug|Any CPU.Build.0 = Debug|Any CPU
		{97FD1340-CECC-46E1-BD35-6A72850F858D}.Release|Any CPU.ActiveCfg = Release|Any CPU
		{97FD1340-CECC-46E1-BD35-6A72850F858D}.Release|Any CPU.Build.0 = Release|Any CPU
		{FF7916F1-FF86-4D6C-B29E-881D1E40437F}.Debug|Any CPU.ActiveCfg = Debug|Any CPU
		{FF7916F1-FF86-4D6C-B29E-881D1E40437F}.Debug|Any CPU.Build.0 = Debug|Any CPU
		{FF7916F1-FF86-4D6C-B29E-881D1E40437F}.Release|Any CPU.ActiveCfg = Release|Any CPU
		{FF7916F1-FF86-4D6C-B29E-881D1E40437F}.Release|Any CPU.Build.0 = Release|Any CPU
		{C9AD16E2-20A3-4805-ADDF-0EDF299AD827}.Debug|Any CPU.ActiveCfg = Debug|Any CPU
		{C9AD16E2-20A3-4805-ADDF-0EDF299AD827}.Debug|Any CPU.Build.0 = Debug|Any CPU
		{C9AD16E2-20A3-4805-ADDF-0EDF299AD827}.Release|Any CPU.ActiveCfg = Release|Any CPU
		{C9AD16E2-20A3-4805-ADDF-0EDF299AD827}.Release|Any CPU.Build.0 = Release|Any CPU
	EndGlobalSection
	GlobalSection(SolutionProperties) = preSolution
		HideSolutionNode = FALSE
	EndGlobalSection
	GlobalSection(ExtensibilityGlobals) = postSolution
		SolutionGuid = {9BF68AB8-F9C8-4451-AE8B-13409E7E8E40}
	EndGlobalSection
EndGlobal
