
Microsoft Visual Studio Solution File, Format Version 12.00
# Visual Studio Version 17
VisualStudioVersion = 17.7.34003.232
MinimumVisualStudioVersion = 10.0.40219.1
Project("{9A19103F-16F7-4668-BE54-9A1E7A4F7556}") = "01.SquareRoot", "01.SquareRoot\01.SquareRoot.csproj", "{AD80DBF7-F52E-4231-ACE8-20A5B3442CF6}"
EndProject
Project("{9A19103F-16F7-4668-BE54-9A1E7A4F7556}") = "02.EnterNumbers", "02.EnterNumbers\02.EnterNumbers.csproj", "{CD3A1DD7-0F76-4626-9C46-F531DCDCCF56}"
EndProject
Project("{FAE04EC0-301F-11D3-BF4B-00C04F79EFBC}") = "03.Cards", "03.Cards\03.Cards.csproj", "{72FC9123-5F8A-4785-90BC-F127852CE76E}"
EndProject
Project("{FAE04EC0-301F-11D3-BF4B-00C04F79EFBC}") = "04.SumOfIntegers", "04.SumOfIntegers\04.SumOfIntegers.csproj", "{B30DF1B5-A187-4EAB-9257-30D3983FF993}"
EndProject
Project("{FAE04EC0-301F-11D3-BF4B-00C04F79EFBC}") = "05.PlayCatch", "05.PlayCatch\05.PlayCatch.csproj", "{A1ECD18D-EA0C-4C6E-9756-55E70C3E7A11}"
EndProject
Project("{FAE04EC0-301F-11D3-BF4B-00C04F79EFBC}") = "06.MoneyTransactions", "06.MoneyTransactions\06.MoneyTransactions.csproj", "{B2671B06-26A6-4138-9F2B-7CBA1AD1CC8C}"
EndProject
Global
	GlobalSection(SolutionConfigurationPlatforms) = preSolution
		Debug|Any CPU = Debug|Any CPU
		Release|Any CPU = Release|Any CPU
	EndGlobalSection
	GlobalSection(ProjectConfigurationPlatforms) = postSolution
		{AD80DBF7-F52E-4231-ACE8-20A5B3442CF6}.Debug|Any CPU.ActiveCfg = Debug|Any CPU
		{AD80DBF7-F52E-4231-ACE8-20A5B3442CF6}.Debug|Any CPU.Build.0 = Debug|Any CPU
		{AD80DBF7-F52E-4231-ACE8-20A5B3442CF6}.Release|Any CPU.ActiveCfg = Release|Any CPU
		{AD80DBF7-F52E-4231-ACE8-20A5B3442CF6}.Release|Any CPU.Build.0 = Release|Any CPU
		{CD3A1DD7-0F76-4626-9C46-F531DCDCCF56}.Debug|Any CPU.ActiveCfg = Debug|Any CPU
		{CD3A1DD7-0F76-4626-9C46-F531DCDCCF56}.Debug|Any CPU.Build.0 = Debug|Any CPU
		{CD3A1DD7-0F76-4626-9C46-F531DCDCCF56}.Release|Any CPU.ActiveCfg = Release|Any CPU
		{CD3A1DD7-0F76-4626-9C46-F531DCDCCF56}.Release|Any CPU.Build.0 = Release|Any CPU
		{72FC9123-5F8A-4785-90BC-F127852CE76E}.Debug|Any CPU.ActiveCfg = Debug|Any CPU
		{72FC9123-5F8A-4785-90BC-F127852CE76E}.Debug|Any CPU.Build.0 = Debug|Any CPU
		{72FC9123-5F8A-4785-90BC-F127852CE76E}.Release|Any CPU.ActiveCfg = Release|Any CPU
		{72FC9123-5F8A-4785-90BC-F127852CE76E}.Release|Any CPU.Build.0 = Release|Any CPU
		{B30DF1B5-A187-4EAB-9257-30D3983FF993}.Debug|Any CPU.ActiveCfg = Debug|Any CPU
		{B30DF1B5-A187-4EAB-9257-30D3983FF993}.Debug|Any CPU.Build.0 = Debug|Any CPU
		{B30DF1B5-A187-4EAB-9257-30D3983FF993}.Release|Any CPU.ActiveCfg = Release|Any CPU
		{B30DF1B5-A187-4EAB-9257-30D3983FF993}.Release|Any CPU.Build.0 = Release|Any CPU
		{A1ECD18D-EA0C-4C6E-9756-55E70C3E7A11}.Debug|Any CPU.ActiveCfg = Debug|Any CPU
		{A1ECD18D-EA0C-4C6E-9756-55E70C3E7A11}.Debug|Any CPU.Build.0 = Debug|Any CPU
		{A1ECD18D-EA0C-4C6E-9756-55E70C3E7A11}.Release|Any CPU.ActiveCfg = Release|Any CPU
		{A1ECD18D-EA0C-4C6E-9756-55E70C3E7A11}.Release|Any CPU.Build.0 = Release|Any CPU
		{B2671B06-26A6-4138-9F2B-7CBA1AD1CC8C}.Debug|Any CPU.ActiveCfg = Debug|Any CPU
		{B2671B06-26A6-4138-9F2B-7CBA1AD1CC8C}.Debug|Any CPU.Build.0 = Debug|Any CPU
		{B2671B06-26A6-4138-9F2B-7CBA1AD1CC8C}.Release|Any CPU.ActiveCfg = Release|Any CPU
		{B2671B06-26A6-4138-9F2B-7CBA1AD1CC8C}.Release|Any CPU.Build.0 = Release|Any CPU
	EndGlobalSection
	GlobalSection(SolutionProperties) = preSolution
		HideSolutionNode = FALSE
	EndGlobalSection
	GlobalSection(ExtensibilityGlobals) = postSolution
		SolutionGuid = {EA126A9B-629B-43B4-A38D-12D03CD23FAF}
	EndGlobalSection
EndGlobal
