
Microsoft Visual Studio Solution File, Format Version 12.00
# Visual Studio Version 17
VisualStudioVersion = 17.7.34003.232
MinimumVisualStudioVersion = 10.0.40219.1
Project("{9A19103F-16F7-4668-BE54-9A1E7A4F7556}") = "BoxOfT", "BoxOfT\BoxOfT.csproj", "{4183BA64-235C-4B82-B4BE-3DA486E538B1}"
EndProject
Project("{FAE04EC0-301F-11D3-BF4B-00C04F79EFBC}") = "GenericArrayCreator", "GenericArrayCreator\GenericArrayCreator.csproj", "{40B2B4E6-C974-4962-ADF2-0FB30346136A}"
EndProject
Project("{FAE04EC0-301F-11D3-BF4B-00C04F79EFBC}") = "GenericScale", "GenericScale\GenericScale.csproj", "{3014B76D-9AB3-44E9-B895-B00C38B8B6E3}"
EndProject
Global
	GlobalSection(SolutionConfigurationPlatforms) = preSolution
		Debug|Any CPU = Debug|Any CPU
		Release|Any CPU = Release|Any CPU
	EndGlobalSection
	GlobalSection(ProjectConfigurationPlatforms) = postSolution
		{4183BA64-235C-4B82-B4BE-3DA486E538B1}.Debug|Any CPU.ActiveCfg = Debug|Any CPU
		{4183BA64-235C-4B82-B4BE-3DA486E538B1}.Debug|Any CPU.Build.0 = Debug|Any CPU
		{4183BA64-235C-4B82-B4BE-3DA486E538B1}.Release|Any CPU.ActiveCfg = Release|Any CPU
		{4183BA64-235C-4B82-B4BE-3DA486E538B1}.Release|Any CPU.Build.0 = Release|Any CPU
		{40B2B4E6-C974-4962-ADF2-0FB30346136A}.Debug|Any CPU.ActiveCfg = Debug|Any CPU
		{40B2B4E6-C974-4962-ADF2-0FB30346136A}.Debug|Any CPU.Build.0 = Debug|Any CPU
		{40B2B4E6-C974-4962-ADF2-0FB30346136A}.Release|Any CPU.ActiveCfg = Release|Any CPU
		{40B2B4E6-C974-4962-ADF2-0FB30346136A}.Release|Any CPU.Build.0 = Release|Any CPU
		{3014B76D-9AB3-44E9-B895-B00C38B8B6E3}.Debug|Any CPU.ActiveCfg = Debug|Any CPU
		{3014B76D-9AB3-44E9-B895-B00C38B8B6E3}.Debug|Any CPU.Build.0 = Debug|Any CPU
		{3014B76D-9AB3-44E9-B895-B00C38B8B6E3}.Release|Any CPU.ActiveCfg = Release|Any CPU
		{3014B76D-9AB3-44E9-B895-B00C38B8B6E3}.Release|Any CPU.Build.0 = Release|Any CPU
	EndGlobalSection
	GlobalSection(SolutionProperties) = preSolution
		HideSolutionNode = FALSE
	EndGlobalSection
	GlobalSection(ExtensibilityGlobals) = postSolution
		SolutionGuid = {0B34B25C-F81E-4B39-A762-D5A5294FEAD5}
	EndGlobalSection
EndGlobal
