
Microsoft Visual Studio Solution File, Format Version 12.00
# Visual Studio Version 17
VisualStudioVersion = 17.7.34003.232
MinimumVisualStudioVersion = 10.0.40219.1
Project("{9A19103F-16F7-4668-BE54-9A1E7A4F7556}") = "01.Stealer", "01.Stealer\01.Stealer.csproj", "{B501CC30-E36F-4561-90E5-E111403A4F82}"
EndProject
Project("{9A19103F-16F7-4668-BE54-9A1E7A4F7556}") = "02.HighQualityMistakes", "02.HighQualityMistakes\02.HighQualityMistakes.csproj", "{48F1FBA1-2969-4778-8990-1C69DA612A9C}"
EndProject
Project("{FAE04EC0-301F-11D3-BF4B-00C04F79EFBC}") = "03.MissionPrivateImpossible", "03.MissionPrivateImpossible\03.MissionPrivateImpossible.csproj", "{BD815630-C2C0-48F6-9AF7-6468D62E6005}"
EndProject
Project("{FAE04EC0-301F-11D3-BF4B-00C04F79EFBC}") = "04.Collector", "04.Collector\04.Collector.csproj", "{D5EA625B-B4DD-456E-8307-AF63CF42EB3F}"
EndProject
Project("{FAE04EC0-301F-11D3-BF4B-00C04F79EFBC}") = "05.CreateAttribute", "05.CreateAttribute\05.CreateAttribute.csproj", "{63A4C41D-B175-442D-9637-4043B0CFBAE2}"
EndProject
Global
	GlobalSection(SolutionConfigurationPlatforms) = preSolution
		Debug|Any CPU = Debug|Any CPU
		Release|Any CPU = Release|Any CPU
	EndGlobalSection
	GlobalSection(ProjectConfigurationPlatforms) = postSolution
		{B501CC30-E36F-4561-90E5-E111403A4F82}.Debug|Any CPU.ActiveCfg = Debug|Any CPU
		{B501CC30-E36F-4561-90E5-E111403A4F82}.Debug|Any CPU.Build.0 = Debug|Any CPU
		{B501CC30-E36F-4561-90E5-E111403A4F82}.Release|Any CPU.ActiveCfg = Release|Any CPU
		{B501CC30-E36F-4561-90E5-E111403A4F82}.Release|Any CPU.Build.0 = Release|Any CPU
		{48F1FBA1-2969-4778-8990-1C69DA612A9C}.Debug|Any CPU.ActiveCfg = Debug|Any CPU
		{48F1FBA1-2969-4778-8990-1C69DA612A9C}.Debug|Any CPU.Build.0 = Debug|Any CPU
		{48F1FBA1-2969-4778-8990-1C69DA612A9C}.Release|Any CPU.ActiveCfg = Release|Any CPU
		{48F1FBA1-2969-4778-8990-1C69DA612A9C}.Release|Any CPU.Build.0 = Release|Any CPU
		{BD815630-C2C0-48F6-9AF7-6468D62E6005}.Debug|Any CPU.ActiveCfg = Debug|Any CPU
		{BD815630-C2C0-48F6-9AF7-6468D62E6005}.Debug|Any CPU.Build.0 = Debug|Any CPU
		{BD815630-C2C0-48F6-9AF7-6468D62E6005}.Release|Any CPU.ActiveCfg = Release|Any CPU
		{BD815630-C2C0-48F6-9AF7-6468D62E6005}.Release|Any CPU.Build.0 = Release|Any CPU
		{D5EA625B-B4DD-456E-8307-AF63CF42EB3F}.Debug|Any CPU.ActiveCfg = Debug|Any CPU
		{D5EA625B-B4DD-456E-8307-AF63CF42EB3F}.Debug|Any CPU.Build.0 = Debug|Any CPU
		{D5EA625B-B4DD-456E-8307-AF63CF42EB3F}.Release|Any CPU.ActiveCfg = Release|Any CPU
		{D5EA625B-B4DD-456E-8307-AF63CF42EB3F}.Release|Any CPU.Build.0 = Release|Any CPU
		{63A4C41D-B175-442D-9637-4043B0CFBAE2}.Debug|Any CPU.ActiveCfg = Debug|Any CPU
		{63A4C41D-B175-442D-9637-4043B0CFBAE2}.Debug|Any CPU.Build.0 = Debug|Any CPU
		{63A4C41D-B175-442D-9637-4043B0CFBAE2}.Release|Any CPU.ActiveCfg = Release|Any CPU
		{63A4C41D-B175-442D-9637-4043B0CFBAE2}.Release|Any CPU.Build.0 = Release|Any CPU
	EndGlobalSection
	GlobalSection(SolutionProperties) = preSolution
		HideSolutionNode = FALSE
	EndGlobalSection
	GlobalSection(ExtensibilityGlobals) = postSolution
		SolutionGuid = {108D638A-9FC1-490F-865F-AED9953C910D}
	EndGlobalSection
EndGlobal
