
Microsoft Visual Studio Solution File, Format Version 12.00
# Visual Studio Version 17
VisualStudioVersion = 17.7.34003.232
MinimumVisualStudioVersion = 10.0.40219.1
Project("{9A19103F-16F7-4668-BE54-9A1E7A4F7556}") = "DefiningClasses", "DefiningClasses\DefiningClasses.csproj", "{D7C5CB90-4569-448C-B877-98F63FD1779F}"
EndProject
Project("{9A19103F-16F7-4668-BE54-9A1E7A4F7556}") = "DateModifier", "DateModifier\DateModifier.csproj", "{8A064A77-E805-49EA-80D9-30B73928A83E}"
EndProject
Project("{9A19103F-16F7-4668-BE54-9A1E7A4F7556}") = "SpeedRacing", "SpeedRacing\SpeedRacing.csproj", "{1EE26C1D-DB33-4328-8B45-AFC88B7ACE4B}"
EndProject
Project("{9A19103F-16F7-4668-BE54-9A1E7A4F7556}") = "RawData", "RawData\RawData.csproj", "{D316E2DD-BBF1-49E2-A3E8-14FF399E161E}"
EndProject
Project("{9A19103F-16F7-4668-BE54-9A1E7A4F7556}") = "CarSalesman", "CarSalesman\CarSalesman.csproj", "{9A6FEAEB-5091-4C9F-BE66-7422858077B8}"
EndProject
Project("{9A19103F-16F7-4668-BE54-9A1E7A4F7556}") = "PokemonTrainer", "PokemonTrainer\PokemonTrainer.csproj", "{767676B2-F162-47B3-AA8A-BB82A6F2D8BC}"
EndProject
Project("{FAE04EC0-301F-11D3-BF4B-00C04F79EFBC}") = "SoftuniParking", "SoftuniParking\SoftuniParking.csproj", "{38C60C2D-3371-437A-8EC6-4F3B83E1C979}"
EndProject
Global
	GlobalSection(SolutionConfigurationPlatforms) = preSolution
		Debug|Any CPU = Debug|Any CPU
		Release|Any CPU = Release|Any CPU
	EndGlobalSection
	GlobalSection(ProjectConfigurationPlatforms) = postSolution
		{D7C5CB90-4569-448C-B877-98F63FD1779F}.Debug|Any CPU.ActiveCfg = Debug|Any CPU
		{D7C5CB90-4569-448C-B877-98F63FD1779F}.Debug|Any CPU.Build.0 = Debug|Any CPU
		{D7C5CB90-4569-448C-B877-98F63FD1779F}.Release|Any CPU.ActiveCfg = Release|Any CPU
		{D7C5CB90-4569-448C-B877-98F63FD1779F}.Release|Any CPU.Build.0 = Release|Any CPU
		{8A064A77-E805-49EA-80D9-30B73928A83E}.Debug|Any CPU.ActiveCfg = Debug|Any CPU
		{8A064A77-E805-49EA-80D9-30B73928A83E}.Debug|Any CPU.Build.0 = Debug|Any CPU
		{8A064A77-E805-49EA-80D9-30B73928A83E}.Release|Any CPU.ActiveCfg = Release|Any CPU
		{8A064A77-E805-49EA-80D9-30B73928A83E}.Release|Any CPU.Build.0 = Release|Any CPU
		{1EE26C1D-DB33-4328-8B45-AFC88B7ACE4B}.Debug|Any CPU.ActiveCfg = Debug|Any CPU
		{1EE26C1D-DB33-4328-8B45-AFC88B7ACE4B}.Debug|Any CPU.Build.0 = Debug|Any CPU
		{1EE26C1D-DB33-4328-8B45-AFC88B7ACE4B}.Release|Any CPU.ActiveCfg = Release|Any CPU
		{1EE26C1D-DB33-4328-8B45-AFC88B7ACE4B}.Release|Any CPU.Build.0 = Release|Any CPU
		{D316E2DD-BBF1-49E2-A3E8-14FF399E161E}.Debug|Any CPU.ActiveCfg = Debug|Any CPU
		{D316E2DD-BBF1-49E2-A3E8-14FF399E161E}.Debug|Any CPU.Build.0 = Debug|Any CPU
		{D316E2DD-BBF1-49E2-A3E8-14FF399E161E}.Release|Any CPU.ActiveCfg = Release|Any CPU
		{D316E2DD-BBF1-49E2-A3E8-14FF399E161E}.Release|Any CPU.Build.0 = Release|Any CPU
		{9A6FEAEB-5091-4C9F-BE66-7422858077B8}.Debug|Any CPU.ActiveCfg = Debug|Any CPU
		{9A6FEAEB-5091-4C9F-BE66-7422858077B8}.Debug|Any CPU.Build.0 = Debug|Any CPU
		{9A6FEAEB-5091-4C9F-BE66-7422858077B8}.Release|Any CPU.ActiveCfg = Release|Any CPU
		{9A6FEAEB-5091-4C9F-BE66-7422858077B8}.Release|Any CPU.Build.0 = Release|Any CPU
		{767676B2-F162-47B3-AA8A-BB82A6F2D8BC}.Debug|Any CPU.ActiveCfg = Debug|Any CPU
		{767676B2-F162-47B3-AA8A-BB82A6F2D8BC}.Debug|Any CPU.Build.0 = Debug|Any CPU
		{767676B2-F162-47B3-AA8A-BB82A6F2D8BC}.Release|Any CPU.ActiveCfg = Release|Any CPU
		{767676B2-F162-47B3-AA8A-BB82A6F2D8BC}.Release|Any CPU.Build.0 = Release|Any CPU
		{38C60C2D-3371-437A-8EC6-4F3B83E1C979}.Debug|Any CPU.ActiveCfg = Debug|Any CPU
		{38C60C2D-3371-437A-8EC6-4F3B83E1C979}.Debug|Any CPU.Build.0 = Debug|Any CPU
		{38C60C2D-3371-437A-8EC6-4F3B83E1C979}.Release|Any CPU.ActiveCfg = Release|Any CPU
		{38C60C2D-3371-437A-8EC6-4F3B83E1C979}.Release|Any CPU.Build.0 = Release|Any CPU
	EndGlobalSection
	GlobalSection(SolutionProperties) = preSolution
		HideSolutionNode = FALSE
	EndGlobalSection
	GlobalSection(ExtensibilityGlobals) = postSolution
		SolutionGuid = {EF0B6D84-AE8F-4B02-ADE5-2E9B5F7153A4}
	EndGlobalSection
EndGlobal
